
Microsoft Visual Studio Solution File, Format Version 12.00
# Visual Studio Version 16
VisualStudioVersion = 16.0.30204.135
MinimumVisualStudioVersion = 10.0.40219.1
Project("{9A19103F-16F7-4668-BE54-9A1E7A4F7556}") = "HardWaxReborn", "HardWaxReborn\HardWaxReborn.csproj", "{C5A9EE39-586D-49D9-9D9F-2D1B5605C6E1}"
EndProject
Project("{9A19103F-16F7-4668-BE54-9A1E7A4F7556}") = "HardWaxReborn.Domain", "HardWaxReborn.Domain\HardWaxReborn.Domain.csproj", "{34355787-B703-412E-8545-CF5EBCD5AF23}"
EndProject
Project("{9A19103F-16F7-4668-BE54-9A1E7A4F7556}") = "HardWaxReborn.DAL", "HardWaxReborn.DAL\HardWaxReborn.DAL.csproj", "{2ACB21DF-078A-4B92-B350-C0753CE1D7E0}"
EndProject
Project("{9A19103F-16F7-4668-BE54-9A1E7A4F7556}") = "HardWaxReborn.Tests", "HardWaxReborn.Tests\HardWaxReborn.Tests.csproj", "{47A2622B-B98B-4F5E-AFDD-D61E351BC644}"
EndProject
Project("{E53339B2-1760-4266-BCC7-CA923CBCF16C}") = "docker-compose", "docker-compose.dcproj", "{7DE6C419-B4A0-42BB-9952-15ED67CC4B56}"
EndProject
Global
	GlobalSection(SolutionConfigurationPlatforms) = preSolution
		Debug|Any CPU = Debug|Any CPU
		Release|Any CPU = Release|Any CPU
	EndGlobalSection
	GlobalSection(ProjectConfigurationPlatforms) = postSolution
		{C5A9EE39-586D-49D9-9D9F-2D1B5605C6E1}.Debug|Any CPU.ActiveCfg = Debug|Any CPU
		{C5A9EE39-586D-49D9-9D9F-2D1B5605C6E1}.Debug|Any CPU.Build.0 = Debug|Any CPU
		{C5A9EE39-586D-49D9-9D9F-2D1B5605C6E1}.Release|Any CPU.ActiveCfg = Release|Any CPU
		{C5A9EE39-586D-49D9-9D9F-2D1B5605C6E1}.Release|Any CPU.Build.0 = Release|Any CPU
		{34355787-B703-412E-8545-CF5EBCD5AF23}.Debug|Any CPU.ActiveCfg = Debug|Any CPU
		{34355787-B703-412E-8545-CF5EBCD5AF23}.Debug|Any CPU.Build.0 = Debug|Any CPU
		{34355787-B703-412E-8545-CF5EBCD5AF23}.Release|Any CPU.ActiveCfg = Release|Any CPU
		{34355787-B703-412E-8545-CF5EBCD5AF23}.Release|Any CPU.Build.0 = Release|Any CPU
		{2ACB21DF-078A-4B92-B350-C0753CE1D7E0}.Debug|Any CPU.ActiveCfg = Debug|Any CPU
		{2ACB21DF-078A-4B92-B350-C0753CE1D7E0}.Debug|Any CPU.Build.0 = Debug|Any CPU
		{2ACB21DF-078A-4B92-B350-C0753CE1D7E0}.Release|Any CPU.ActiveCfg = Release|Any CPU
		{2ACB21DF-078A-4B92-B350-C0753CE1D7E0}.Release|Any CPU.Build.0 = Release|Any CPU
		{47A2622B-B98B-4F5E-AFDD-D61E351BC644}.Debug|Any CPU.ActiveCfg = Debug|Any CPU
		{47A2622B-B98B-4F5E-AFDD-D61E351BC644}.Debug|Any CPU.Build.0 = Debug|Any CPU
		{47A2622B-B98B-4F5E-AFDD-D61E351BC644}.Release|Any CPU.ActiveCfg = Release|Any CPU
		{47A2622B-B98B-4F5E-AFDD-D61E351BC644}.Release|Any CPU.Build.0 = Release|Any CPU
		{7DE6C419-B4A0-42BB-9952-15ED67CC4B56}.Debug|Any CPU.ActiveCfg = Debug|Any CPU
		{7DE6C419-B4A0-42BB-9952-15ED67CC4B56}.Debug|Any CPU.Build.0 = Debug|Any CPU
		{7DE6C419-B4A0-42BB-9952-15ED67CC4B56}.Release|Any CPU.ActiveCfg = Release|Any CPU
		{7DE6C419-B4A0-42BB-9952-15ED67CC4B56}.Release|Any CPU.Build.0 = Release|Any CPU
	EndGlobalSection
	GlobalSection(SolutionProperties) = preSolution
		HideSolutionNode = FALSE
	EndGlobalSection
	GlobalSection(ExtensibilityGlobals) = postSolution
		SolutionGuid = {7B574ED0-F6CE-4E03-83F0-23096DD21C03}
	EndGlobalSection
EndGlobal
